
Microsoft Visual Studio Solution File, Format Version 12.00
# Visual Studio Version 17
VisualStudioVersion = 17.2.32616.157
MinimumVisualStudioVersion = 10.0.40219.1
Project("{9A19103F-16F7-4668-BE54-9A1E7A4F7556}") = "FiguresLibrary", "FiguresLibrary\FiguresLibrary.csproj", "{4BAF903D-6DDC-4B7C-9198-F322823DFA37}"
EndProject
Project("{FAE04EC0-301F-11D3-BF4B-00C04F79EFBC}") = "FiguresLibrary.Test", "FiguresLibrary.Test\FiguresLibrary.Test.csproj", "{87EBD08C-44AF-427D-B871-E546C14F1735}"
EndProject
Global
	GlobalSection(SolutionConfigurationPlatforms) = preSolution
		Debug|Any CPU = Debug|Any CPU
		Release|Any CPU = Release|Any CPU
	EndGlobalSection
	GlobalSection(ProjectConfigurationPlatforms) = postSolution
		{4BAF903D-6DDC-4B7C-9198-F322823DFA37}.Debug|Any CPU.ActiveCfg = Debug|Any CPU
		{4BAF903D-6DDC-4B7C-9198-F322823DFA37}.Debug|Any CPU.Build.0 = Debug|Any CPU
		{4BAF903D-6DDC-4B7C-9198-F322823DFA37}.Release|Any CPU.ActiveCfg = Release|Any CPU
		{4BAF903D-6DDC-4B7C-9198-F322823DFA37}.Release|Any CPU.Build.0 = Release|Any CPU
		{87EBD08C-44AF-427D-B871-E546C14F1735}.Debug|Any CPU.ActiveCfg = Debug|Any CPU
		{87EBD08C-44AF-427D-B871-E546C14F1735}.Debug|Any CPU.Build.0 = Debug|Any CPU
		{87EBD08C-44AF-427D-B871-E546C14F1735}.Release|Any CPU.ActiveCfg = Release|Any CPU
		{87EBD08C-44AF-427D-B871-E546C14F1735}.Release|Any CPU.Build.0 = Release|Any CPU
	EndGlobalSection
	GlobalSection(SolutionProperties) = preSolution
		HideSolutionNode = FALSE
	EndGlobalSection
	GlobalSection(ExtensibilityGlobals) = postSolution
		SolutionGuid = {43EC68B0-69F0-4D3B-AC21-E97302AB2E6D}
	EndGlobalSection
EndGlobal
